// !$*UTF8*$!
{
	archiveVersion = 1;
	classes = {
	};
	objectVersion = 46;
	objects = {

/* Begin PBXBuildFile section */
		00671BDD15433BC60051EB96 /* HTAPI.m in Sources */ = {isa = PBXBuildFile; fileRef = 00671BDC15433BC60051EB96 /* HTAPI.m */; };
		00671BE1154343CA0051EB96 /* HTAudio.m in Sources */ = {isa = PBXBuildFile; fileRef = 00671BE0154343CA0051EB96 /* HTAudio.m */; };
		00671BF215434C020051EB96 /* FBDialog.bundle in Resources */ = {isa = PBXBuildFile; fileRef = 00671BE515434C020051EB96 /* FBDialog.bundle */; };
		00671BF315434C020051EB96 /* libfacebook_ios_sdk.a in Frameworks */ = {isa = PBXBuildFile; fileRef = 00671BEB15434C020051EB96 /* libfacebook_ios_sdk.a */; };
		00671BF6154355820051EB96 /* HTPeoplePickerViewController.m in Sources */ = {isa = PBXBuildFile; fileRef = 00671BF5154355810051EB96 /* HTPeoplePickerViewController.m */; };
		00986B0A1543285A00047943 /* GCDAsyncSocket.m in Sources */ = {isa = PBXBuildFile; fileRef = 00986B091543285A00047943 /* GCDAsyncSocket.m */; };
		00986B0D15432ABC00047943 /* Security.framework in Frameworks */ = {isa = PBXBuildFile; fileRef = 00986B0C15432ABC00047943 /* Security.framework */; };
		00986B0F15432AE800047943 /* CFNetwork.framework in Frameworks */ = {isa = PBXBuildFile; fileRef = 00986B0E15432AE800047943 /* CFNetwork.framework */; };
		00DF5E211542FE67009FA848 /* UIKit.framework in Frameworks */ = {isa = PBXBuildFile; fileRef = 00DF5E201542FE67009FA848 /* UIKit.framework */; };
		00DF5E231542FE67009FA848 /* Foundation.framework in Frameworks */ = {isa = PBXBuildFile; fileRef = 00DF5E221542FE67009FA848 /* Foundation.framework */; };
		00DF5E251542FE67009FA848 /* CoreGraphics.framework in Frameworks */ = {isa = PBXBuildFile; fileRef = 00DF5E241542FE67009FA848 /* CoreGraphics.framework */; };
		00DF5E2B1542FE67009FA848 /* InfoPlist.strings in Resources */ = {isa = PBXBuildFile; fileRef = 00DF5E291542FE67009FA848 /* InfoPlist.strings */; };
		00DF5E2D1542FE67009FA848 /* main.m in Sources */ = {isa = PBXBuildFile; fileRef = 00DF5E2C1542FE67009FA848 /* main.m */; };
		00DF5E311542FE67009FA848 /* HTAppDelegate.m in Sources */ = {isa = PBXBuildFile; fileRef = 00DF5E301542FE67009FA848 /* HTAppDelegate.m */; };
		00DF5E341542FE67009FA848 /* HTViewController.m in Sources */ = {isa = PBXBuildFile; fileRef = 00DF5E331542FE67009FA848 /* HTViewController.m */; };
		00DF5E371542FE67009FA848 /* HTViewController.xib in Resources */ = {isa = PBXBuildFile; fileRef = 00DF5E351542FE67009FA848 /* HTViewController.xib */; };
		00DF5E3E1542FFD0009FA848 /* AVFoundation.framework in Frameworks */ = {isa = PBXBuildFile; fileRef = 00DF5E3D1542FFD0009FA848 /* AVFoundation.framework */; };
/* End PBXBuildFile section */

/* Begin PBXFileReference section */
		00671BDB15433BC60051EB96 /* HTAPI.h */ = {isa = PBXFileReference; fileEncoding = 4; lastKnownFileType = sourcecode.c.h; path = HTAPI.h; sourceTree = "<group>"; };
		00671BDC15433BC60051EB96 /* HTAPI.m */ = {isa = PBXFileReference; fileEncoding = 4; lastKnownFileType = sourcecode.c.objc; path = HTAPI.m; sourceTree = "<group>"; };
		00671BDF154343CA0051EB96 /* HTAudio.h */ = {isa = PBXFileReference; fileEncoding = 4; lastKnownFileType = sourcecode.c.h; path = HTAudio.h; sourceTree = "<group>"; };
		00671BE0154343CA0051EB96 /* HTAudio.m */ = {isa = PBXFileReference; fileEncoding = 4; lastKnownFileType = sourcecode.c.objc; path = HTAudio.m; sourceTree = "<group>"; };
		00671BE315434C020051EB96 /* Facebook.h */ = {isa = PBXFileReference; fileEncoding = 4; lastKnownFileType = sourcecode.c.h; path = Facebook.h; sourceTree = "<group>"; };
		00671BE415434C020051EB96 /* FBConnect.h */ = {isa = PBXFileReference; fileEncoding = 4; lastKnownFileType = sourcecode.c.h; path = FBConnect.h; sourceTree = "<group>"; };
		00671BE515434C020051EB96 /* FBDialog.bundle */ = {isa = PBXFileReference; lastKnownFileType = "wrapper.plug-in"; path = FBDialog.bundle; sourceTree = "<group>"; };
		00671BE615434C020051EB96 /* FBDialog.h */ = {isa = PBXFileReference; fileEncoding = 4; lastKnownFileType = sourcecode.c.h; path = FBDialog.h; sourceTree = "<group>"; };
		00671BE715434C020051EB96 /* FBFrictionlessRequestSettings.h */ = {isa = PBXFileReference; fileEncoding = 4; lastKnownFileType = sourcecode.c.h; path = FBFrictionlessRequestSettings.h; sourceTree = "<group>"; };
		00671BE815434C020051EB96 /* FBLoginDialog.h */ = {isa = PBXFileReference; fileEncoding = 4; lastKnownFileType = sourcecode.c.h; path = FBLoginDialog.h; sourceTree = "<group>"; };
		00671BE915434C020051EB96 /* FBRequest.h */ = {isa = PBXFileReference; fileEncoding = 4; lastKnownFileType = sourcecode.c.h; path = FBRequest.h; sourceTree = "<group>"; };
		00671BEA15434C020051EB96 /* JSON.h */ = {isa = PBXFileReference; fileEncoding = 4; lastKnownFileType = sourcecode.c.h; path = JSON.h; sourceTree = "<group>"; };
		00671BEB15434C020051EB96 /* libfacebook_ios_sdk.a */ = {isa = PBXFileReference; lastKnownFileType = archive.ar; path = libfacebook_ios_sdk.a; sourceTree = "<group>"; };
		00671BEC15434C020051EB96 /* NSObject+SBJSON.h */ = {isa = PBXFileReference; fileEncoding = 4; lastKnownFileType = sourcecode.c.h; path = "NSObject+SBJSON.h"; sourceTree = "<group>"; };
		00671BED15434C020051EB96 /* NSString+SBJSON.h */ = {isa = PBXFileReference; fileEncoding = 4; lastKnownFileType = sourcecode.c.h; path = "NSString+SBJSON.h"; sourceTree = "<group>"; };
		00671BEE15434C020051EB96 /* SBJSON.h */ = {isa = PBXFileReference; fileEncoding = 4; lastKnownFileType = sourcecode.c.h; path = SBJSON.h; sourceTree = "<group>"; };
		00671BEF15434C020051EB96 /* SBJsonBase.h */ = {isa = PBXFileReference; fileEncoding = 4; lastKnownFileType = sourcecode.c.h; path = SBJsonBase.h; sourceTree = "<group>"; };
		00671BF015434C020051EB96 /* SBJsonParser.h */ = {isa = PBXFileReference; fileEncoding = 4; lastKnownFileType = sourcecode.c.h; path = SBJsonParser.h; sourceTree = "<group>"; };
		00671BF115434C020051EB96 /* SBJsonWriter.h */ = {isa = PBXFileReference; fileEncoding = 4; lastKnownFileType = sourcecode.c.h; path = SBJsonWriter.h; sourceTree = "<group>"; };
		00671BF4154355810051EB96 /* HTPeoplePickerViewController.h */ = {isa = PBXFileReference; fileEncoding = 4; lastKnownFileType = sourcecode.c.h; path = HTPeoplePickerViewController.h; sourceTree = "<group>"; };
		00671BF5154355810051EB96 /* HTPeoplePickerViewController.m */ = {isa = PBXFileReference; fileEncoding = 4; lastKnownFileType = sourcecode.c.objc; path = HTPeoplePickerViewController.m; sourceTree = "<group>"; };
		00986B081543285A00047943 /* GCDAsyncSocket.h */ = {isa = PBXFileReference; fileEncoding = 4; lastKnownFileType = sourcecode.c.h; path = GCDAsyncSocket.h; sourceTree = "<group>"; };
		00986B091543285A00047943 /* GCDAsyncSocket.m */ = {isa = PBXFileReference; fileEncoding = 4; lastKnownFileType = sourcecode.c.objc; path = GCDAsyncSocket.m; sourceTree = "<group>"; };
		00986B0C15432ABC00047943 /* Security.framework */ = {isa = PBXFileReference; lastKnownFileType = wrapper.framework; name = Security.framework; path = System/Library/Frameworks/Security.framework; sourceTree = SDKROOT; };
		00986B0E15432AE800047943 /* CFNetwork.framework */ = {isa = PBXFileReference; lastKnownFileType = wrapper.framework; name = CFNetwork.framework; path = System/Library/Frameworks/CFNetwork.framework; sourceTree = SDKROOT; };
		00DF5E1C1542FE67009FA848 /* HackyTalk.app */ = {isa = PBXFileReference; explicitFileType = wrapper.application; includeInIndex = 0; path = HackyTalk.app; sourceTree = BUILT_PRODUCTS_DIR; };
		00DF5E201542FE67009FA848 /* UIKit.framework */ = {isa = PBXFileReference; lastKnownFileType = wrapper.framework; name = UIKit.framework; path = System/Library/Frameworks/UIKit.framework; sourceTree = SDKROOT; };
		00DF5E221542FE67009FA848 /* Foundation.framework */ = {isa = PBXFileReference; lastKnownFileType = wrapper.framework; name = Foundation.framework; path = System/Library/Frameworks/Foundation.framework; sourceTree = SDKROOT; };
		00DF5E241542FE67009FA848 /* CoreGraphics.framework */ = {isa = PBXFileReference; lastKnownFileType = wrapper.framework; name = CoreGraphics.framework; path = System/Library/Frameworks/CoreGraphics.framework; sourceTree = SDKROOT; };
		00DF5E281542FE67009FA848 /* HackyTalk-Info.plist */ = {isa = PBXFileReference; lastKnownFileType = text.plist.xml; path = "HackyTalk-Info.plist"; sourceTree = "<group>"; };
		00DF5E2A1542FE67009FA848 /* en */ = {isa = PBXFileReference; lastKnownFileType = text.plist.strings; name = en; path = en.lproj/InfoPlist.strings; sourceTree = "<group>"; };
		00DF5E2C1542FE67009FA848 /* main.m */ = {isa = PBXFileReference; lastKnownFileType = sourcecode.c.objc; path = main.m; sourceTree = "<group>"; };
		00DF5E2E1542FE67009FA848 /* HackyTalk-Prefix.pch */ = {isa = PBXFileReference; lastKnownFileType = sourcecode.c.h; path = "HackyTalk-Prefix.pch"; sourceTree = "<group>"; };
		00DF5E2F1542FE67009FA848 /* HTAppDelegate.h */ = {isa = PBXFileReference; lastKnownFileType = sourcecode.c.h; path = HTAppDelegate.h; sourceTree = "<group>"; };
		00DF5E301542FE67009FA848 /* HTAppDelegate.m */ = {isa = PBXFileReference; lastKnownFileType = sourcecode.c.objc; path = HTAppDelegate.m; sourceTree = "<group>"; };
		00DF5E321542FE67009FA848 /* HTViewController.h */ = {isa = PBXFileReference; lastKnownFileType = sourcecode.c.h; path = HTViewController.h; sourceTree = "<group>"; };
		00DF5E331542FE67009FA848 /* HTViewController.m */ = {isa = PBXFileReference; lastKnownFileType = sourcecode.c.objc; path = HTViewController.m; sourceTree = "<group>"; };
		00DF5E361542FE67009FA848 /* en */ = {isa = PBXFileReference; lastKnownFileType = file.xib; name = en; path = en.lproj/HTViewController.xib; sourceTree = "<group>"; };
		00DF5E3D1542FFD0009FA848 /* AVFoundation.framework */ = {isa = PBXFileReference; lastKnownFileType = wrapper.framework; name = AVFoundation.framework; path = System/Library/Frameworks/AVFoundation.framework; sourceTree = SDKROOT; };
/* End PBXFileReference section */

/* Begin PBXFrameworksBuildPhase section */
		00DF5E191542FE67009FA848 /* Frameworks */ = {
			isa = PBXFrameworksBuildPhase;
			buildActionMask = 2147483647;
			files = (
				00986B0F15432AE800047943 /* CFNetwork.framework in Frameworks */,
				00986B0D15432ABC00047943 /* Security.framework in Frameworks */,
				00DF5E3E1542FFD0009FA848 /* AVFoundation.framework in Frameworks */,
				00DF5E211542FE67009FA848 /* UIKit.framework in Frameworks */,
				00DF5E231542FE67009FA848 /* Foundation.framework in Frameworks */,
				00DF5E251542FE67009FA848 /* CoreGraphics.framework in Frameworks */,
				00671BF315434C020051EB96 /* libfacebook_ios_sdk.a in Frameworks */,
			);
			runOnlyForDeploymentPostprocessing = 0;
		};
/* End PBXFrameworksBuildPhase section */

/* Begin PBXGroup section */
		00671BE215434C020051EB96 /* facebook-ios-sdk */ = {
			isa = PBXGroup;
			children = (
				00671BE315434C020051EB96 /* Facebook.h */,
				00671BE415434C020051EB96 /* FBConnect.h */,
				00671BE515434C020051EB96 /* FBDialog.bundle */,
				00671BE615434C020051EB96 /* FBDialog.h */,
				00671BE715434C020051EB96 /* FBFrictionlessRequestSettings.h */,
				00671BE815434C020051EB96 /* FBLoginDialog.h */,
				00671BE915434C020051EB96 /* FBRequest.h */,
				00671BEA15434C020051EB96 /* JSON.h */,
				00671BEB15434C020051EB96 /* libfacebook_ios_sdk.a */,
				00671BEC15434C020051EB96 /* NSObject+SBJSON.h */,
				00671BED15434C020051EB96 /* NSString+SBJSON.h */,
				00671BEE15434C020051EB96 /* SBJSON.h */,
				00671BEF15434C020051EB96 /* SBJsonBase.h */,
				00671BF015434C020051EB96 /* SBJsonParser.h */,
				00671BF115434C020051EB96 /* SBJsonWriter.h */,
			);
			path = "facebook-ios-sdk";
			sourceTree = "<group>";
		};
		00DF5E111542FE66009FA848 = {
			isa = PBXGroup;
			children = (
				00671BE215434C020051EB96 /* facebook-ios-sdk */,
				00DF5E261542FE67009FA848 /* HackyTalk */,
				00DF5E1F1542FE67009FA848 /* Frameworks */,
				00DF5E1D1542FE67009FA848 /* Products */,
			);
			sourceTree = "<group>";
		};
		00DF5E1D1542FE67009FA848 /* Products */ = {
			isa = PBXGroup;
			children = (
				00DF5E1C1542FE67009FA848 /* HackyTalk.app */,
			);
			name = Products;
			sourceTree = "<group>";
		};
		00DF5E1F1542FE67009FA848 /* Frameworks */ = {
			isa = PBXGroup;
			children = (
				00986B0E15432AE800047943 /* CFNetwork.framework */,
				00986B0C15432ABC00047943 /* Security.framework */,
				00DF5E3D1542FFD0009FA848 /* AVFoundation.framework */,
				00DF5E201542FE67009FA848 /* UIKit.framework */,
				00DF5E221542FE67009FA848 /* Foundation.framework */,
				00DF5E241542FE67009FA848 /* CoreGraphics.framework */,
			);
			name = Frameworks;
			sourceTree = "<group>";
		};
		00DF5E261542FE67009FA848 /* HackyTalk */ = {
			isa = PBXGroup;
			children = (
				00986B081543285A00047943 /* GCDAsyncSocket.h */,
				00986B091543285A00047943 /* GCDAsyncSocket.m */,
				00DF5E2F1542FE67009FA848 /* HTAppDelegate.h */,
				00DF5E301542FE67009FA848 /* HTAppDelegate.m */,
				00DF5E321542FE67009FA848 /* HTViewController.h */,
				00DF5E331542FE67009FA848 /* HTViewController.m */,
				00DF5E351542FE67009FA848 /* HTViewController.xib */,
				00671BF4154355810051EB96 /* HTPeoplePickerViewController.h */,
				00671BF5154355810051EB96 /* HTPeoplePickerViewController.m */,
				00671BDB15433BC60051EB96 /* HTAPI.h */,
				00671BDC15433BC60051EB96 /* HTAPI.m */,
				00671BDF154343CA0051EB96 /* HTAudio.h */,
				00671BE0154343CA0051EB96 /* HTAudio.m */,
				00DF5E271542FE67009FA848 /* Supporting Files */,
			);
			path = HackyTalk;
			sourceTree = "<group>";
		};
		00DF5E271542FE67009FA848 /* Supporting Files */ = {
			isa = PBXGroup;
			children = (
				00DF5E281542FE67009FA848 /* HackyTalk-Info.plist */,
				00DF5E291542FE67009FA848 /* InfoPlist.strings */,
				00DF5E2C1542FE67009FA848 /* main.m */,
				00DF5E2E1542FE67009FA848 /* HackyTalk-Prefix.pch */,
			);
			name = "Supporting Files";
			sourceTree = "<group>";
		};
/* End PBXGroup section */

/* Begin PBXNativeTarget section */
		00DF5E1B1542FE67009FA848 /* HackyTalk */ = {
			isa = PBXNativeTarget;
			buildConfigurationList = 00DF5E3A1542FE67009FA848 /* Build configuration list for PBXNativeTarget "HackyTalk" */;
			buildPhases = (
				00DF5E181542FE67009FA848 /* Sources */,
				00DF5E191542FE67009FA848 /* Frameworks */,
				00DF5E1A1542FE67009FA848 /* Resources */,
			);
			buildRules = (
			);
			dependencies = (
			);
			name = HackyTalk;
			productName = HackyTalk;
			productReference = 00DF5E1C1542FE67009FA848 /* HackyTalk.app */;
			productType = "com.apple.product-type.application";
		};
/* End PBXNativeTarget section */

/* Begin PBXProject section */
		00DF5E131542FE66009FA848 /* Project object */ = {
			isa = PBXProject;
			attributes = {
				CLASSPREFIX = HT;
				LastUpgradeCheck = 0430;
			};
			buildConfigurationList = 00DF5E161542FE66009FA848 /* Build configuration list for PBXProject "HackyTalk" */;
			compatibilityVersion = "Xcode 3.2";
			developmentRegion = English;
			hasScannedForEncodings = 0;
			knownRegions = (
				en,
			);
			mainGroup = 00DF5E111542FE66009FA848;
			productRefGroup = 00DF5E1D1542FE67009FA848 /* Products */;
			projectDirPath = "";
			projectRoot = "";
			targets = (
				00DF5E1B1542FE67009FA848 /* HackyTalk */,
			);
		};
/* End PBXProject section */

/* Begin PBXResourcesBuildPhase section */
		00DF5E1A1542FE67009FA848 /* Resources */ = {
			isa = PBXResourcesBuildPhase;
			buildActionMask = 2147483647;
			files = (
				00DF5E2B1542FE67009FA848 /* InfoPlist.strings in Resources */,
				00DF5E371542FE67009FA848 /* HTViewController.xib in Resources */,
				00671BF215434C020051EB96 /* FBDialog.bundle in Resources */,
			);
			runOnlyForDeploymentPostprocessing = 0;
		};
/* End PBXResourcesBuildPhase section */

/* Begin PBXSourcesBuildPhase section */
		00DF5E181542FE67009FA848 /* Sources */ = {
			isa = PBXSourcesBuildPhase;
			buildActionMask = 2147483647;
			files = (
				00DF5E2D1542FE67009FA848 /* main.m in Sources */,
				00DF5E311542FE67009FA848 /* HTAppDelegate.m in Sources */,
				00DF5E341542FE67009FA848 /* HTViewController.m in Sources */,
				00986B0A1543285A00047943 /* GCDAsyncSocket.m in Sources */,
				00671BDD15433BC60051EB96 /* HTAPI.m in Sources */,
				00671BE1154343CA0051EB96 /* HTAudio.m in Sources */,
				00671BF6154355820051EB96 /* HTPeoplePickerViewController.m in Sources */,
			);
			runOnlyForDeploymentPostprocessing = 0;
		};
/* End PBXSourcesBuildPhase section */

/* Begin PBXVariantGroup section */
		00DF5E291542FE67009FA848 /* InfoPlist.strings */ = {
			isa = PBXVariantGroup;
			children = (
				00DF5E2A1542FE67009FA848 /* en */,
			);
			name = InfoPlist.strings;
			sourceTree = "<group>";
		};
		00DF5E351542FE67009FA848 /* HTViewController.xib */ = {
			isa = PBXVariantGroup;
			children = (
				00DF5E361542FE67009FA848 /* en */,
			);
			name = HTViewController.xib;
			sourceTree = "<group>";
		};
/* End PBXVariantGroup section */

/* Begin XCBuildConfiguration section */
		00DF5E381542FE67009FA848 /* Debug */ = {
			isa = XCBuildConfiguration;
			buildSettings = {
				ALWAYS_SEARCH_USER_PATHS = NO;
				ARCHS = "$(ARCHS_STANDARD_32_BIT)";
				CLANG_ENABLE_OBJC_ARC = YES;
				"CODE_SIGN_IDENTITY[sdk=iphoneos*]" = "iPhone Developer";
				COPY_PHASE_STRIP = NO;
				GCC_C_LANGUAGE_STANDARD = gnu99;
				GCC_DYNAMIC_NO_PIC = NO;
				GCC_OPTIMIZATION_LEVEL = 0;
				GCC_PREPROCESSOR_DEFINITIONS = (
					"DEBUG=1",
					"$(inherited)",
				);
				GCC_SYMBOLS_PRIVATE_EXTERN = NO;
				GCC_VERSION = com.apple.compilers.llvm.clang.1_0;
				GCC_WARN_ABOUT_RETURN_TYPE = YES;
				GCC_WARN_UNINITIALIZED_AUTOS = YES;
				GCC_WARN_UNUSED_VARIABLE = YES;
				IPHONEOS_DEPLOYMENT_TARGET = 5.1;
				OTHER_LDFLAGS = (
					"-objc",
					"-all_load",
				);
				SDKROOT = iphoneos;
			};
			name = Debug;
		};
		00DF5E391542FE67009FA848 /* Release */ = {
			isa = XCBuildConfiguration;
			buildSettings = {
				ALWAYS_SEARCH_USER_PATHS = NO;
				ARCHS = "$(ARCHS_STANDARD_32_BIT)";
				CLANG_ENABLE_OBJC_ARC = YES;
				"CODE_SIGN_IDENTITY[sdk=iphoneos*]" = "iPhone Developer";
				COPY_PHASE_STRIP = YES;
				GCC_C_LANGUAGE_STANDARD = gnu99;
				GCC_VERSION = com.apple.compilers.llvm.clang.1_0;
				GCC_WARN_ABOUT_RETURN_TYPE = YES;
				GCC_WARN_UNINITIALIZED_AUTOS = YES;
				GCC_WARN_UNUSED_VARIABLE = YES;
				IPHONEOS_DEPLOYMENT_TARGET = 5.1;
				OTHER_CFLAGS = "-DNS_BLOCK_ASSERTIONS=1";
				OTHER_LDFLAGS = (
					"-objc",
					"-all_load",
				);
				SDKROOT = iphoneos;
				VALIDATE_PRODUCT = YES;
			};
			name = Release;
		};
		00DF5E3B1542FE67009FA848 /* Debug */ = {
			isa = XCBuildConfiguration;
			buildSettings = {
				GCC_PRECOMPILE_PREFIX_HEADER = YES;
				GCC_PREFIX_HEADER = "HackyTalk/HackyTalk-Prefix.pch";
				INFOPLIST_FILE = "HackyTalk/HackyTalk-Info.plist";
				IPHONEOS_DEPLOYMENT_TARGET = 5.0;
				LIBRARY_SEARCH_PATHS = (
					"$(inherited)",
					"\"$(SRCROOT)/facebook-ios-sdk\"",
				);
				PRODUCT_NAME = "$(TARGET_NAME)";
				WRAPPER_EXTENSION = app;
			};
			name = Debug;
		};
		00DF5E3C1542FE67009FA848 /* Release */ = {
			isa = XCBuildConfiguration;
			buildSettings = {
				GCC_PRECOMPILE_PREFIX_HEADER = YES;
				GCC_PREFIX_HEADER = "HackyTalk/HackyTalk-Prefix.pch";
				INFOPLIST_FILE = "HackyTalk/HackyTalk-Info.plist";
				IPHONEOS_DEPLOYMENT_TARGET = 5.0;
				LIBRARY_SEARCH_PATHS = (
					"$(inherited)",
					"\"$(SRCROOT)/facebook-ios-sdk\"",
				);
				PRODUCT_NAME = "$(TARGET_NAME)";
				WRAPPER_EXTENSION = app;
			};
			name = Release;
		};
/* End XCBuildConfiguration section */

/* Begin XCConfigurationList section */
		00DF5E161542FE66009FA848 /* Build configuration list for PBXProject "HackyTalk" */ = {
			isa = XCConfigurationList;
			buildConfigurations = (
				00DF5E381542FE67009FA848 /* Debug */,
				00DF5E391542FE67009FA848 /* Release */,
			);
			defaultConfigurationIsVisible = 0;
			defaultConfigurationName = Release;
		};
		00DF5E3A1542FE67009FA848 /* Build configuration list for PBXNativeTarget "HackyTalk" */ = {
			isa = XCConfigurationList;
			buildConfigurations = (
				00DF5E3B1542FE67009FA848 /* Debug */,
				00DF5E3C1542FE67009FA848 /* Release */,
			);
			defaultConfigurationIsVisible = 0;
			defaultConfigurationName = Release;
		};
/* End XCConfigurationList section */
	};
	rootObject = 00DF5E131542FE66009FA848 /* Project object */;
}
